
Microsoft Visual Studio Solution File, Format Version 12.00
# Visual Studio Version 16
VisualStudioVersion = 16.0.29201.188
MinimumVisualStudioVersion = 10.0.40219.1
Project("{2150E333-8FDC-42A3-9474-1A3956D46DE8}") = "console", "console", "{9D032B5E-F945-4131-A797-5C3047DF803E}"
EndProject
Project("{2150E333-8FDC-42A3-9474-1A3956D46DE8}") = "web", "web", "{DFA178F7-F822-4DC8-9B7D-4BD056C16C28}"
EndProject
Project("{9A19103F-16F7-4668-BE54-9A1E7A4F7556}") = "CodeSampleConsoleApp", "CodeSampleConsoleApp\CodeSampleConsoleApp.csproj", "{143CB976-2E4C-4445-8085-5D04BA336F48}"
EndProject
Project("{9A19103F-16F7-4668-BE54-9A1E7A4F7556}") = "CodeSampleWebApp", "CodeSampleWebApp\CodeSampleWebApp.csproj", "{2D0834AF-7A01-4E96-A6E4-64736F95FD66}"
EndProject
Project("{9A19103F-16F7-4668-BE54-9A1E7A4F7556}") = "CodeSampleWebApp3.0", "CodeSampleWebApp3.0\CodeSampleWebApp3.0.csproj", "{3A40F6E8-784B-4B9D-BBFA-7F30FFAEFE05}"
EndProject
Project("{9A19103F-16F7-4668-BE54-9A1E7A4F7556}") = "PluginController", "PluginController\PluginController.csproj", "{3154C4C9-119B-458F-ACEB-4528E333D27B}"
EndProject
Project("{9A19103F-16F7-4668-BE54-9A1E7A4F7556}") = "CodeSampleGrpc", "CodeSampleGrpc\CodeSampleGrpc.csproj", "{95604753-B489-4D9A-9845-FD249E94A5EB}"
EndProject
Project("{9A19103F-16F7-4668-BE54-9A1E7A4F7556}") = "GrpcGreeterClient", "GrpcGreeterClient\GrpcGreeterClient.csproj", "{F4CEAEF0-224F-405A-9EC5-3A1F8340373A}"
EndProject
Project("{2150E333-8FDC-42A3-9474-1A3956D46DE8}") = "test", "test", "{28638113-36ED-488F-B447-6BB539154F87}"
EndProject
Project("{9A19103F-16F7-4668-BE54-9A1E7A4F7556}") = "CodeSampleTest", "CodeSampleTest\CodeSampleTest.csproj", "{E7DB21EA-6558-47CF-915A-2C13B849E667}"
EndProject
Project("{9A19103F-16F7-4668-BE54-9A1E7A4F7556}") = "CodeSampleBlazor", "CodeSampleBlazor\CodeSampleBlazor.csproj", "{654ED418-8BE9-4BA0-8571-167838AE00B2}"
EndProject
Project("{2150E333-8FDC-42A3-9474-1A3956D46DE8}") = "desktop", "desktop", "{03F3BC27-98AC-44DE-89E3-9FC6899B6D08}"
EndProject
Project("{9A19103F-16F7-4668-BE54-9A1E7A4F7556}") = "CodeSampNetCoreWPF", "CodeSampNetCoreWPF\CodeSampNetCoreWPF.csproj", "{7161D989-5DA6-49FA-B85B-7E6DC9A74438}"
EndProject
Project("{9A19103F-16F7-4668-BE54-9A1E7A4F7556}") = "CodeSampleRazor", "CodeSampleRazor\CodeSampleRazor.csproj", "{93F307D1-A651-43A0-A875-CC1249EA3B76}"
EndProject
Project("{2150E333-8FDC-42A3-9474-1A3956D46DE8}") = "docker", "docker", "{08D6C9CB-DE28-48A4-A4D2-D86450035BF0}"
EndProject
Project("{9A19103F-16F7-4668-BE54-9A1E7A4F7556}") = "CodeSampleDockerApp", "CodeSampleDockerApp\CodeSampleDockerApp.csproj", "{0CD1B4BB-9B15-4C1E-A1A0-AB3D3A3A0351}"
EndProject
Project("{9A19103F-16F7-4668-BE54-9A1E7A4F7556}") = "EventBusDesign", "EventBusDesign\EventBusDesign.csproj", "{D6040D57-AF0D-4BDB-AD2C-51E3FA1B835F}"
EndProject
Project("{9A19103F-16F7-4668-BE54-9A1E7A4F7556}") = "TestConsoleApp", "TestConsoleApp\TestConsoleApp.csproj", "{A049D20B-13A0-43BB-8979-3F9D9BAC735B}"
EndProject
Project("{2150E333-8FDC-42A3-9474-1A3956D46DE8}") = "lib", "lib", "{88AA9BC5-2728-418F-BC3E-D829AE1D131E}"
EndProject
Project("{9A19103F-16F7-4668-BE54-9A1E7A4F7556}") = "LF.AspNetCore.EventBus", "..\LF.AspNetCore.EventBus\LF.AspNetCore.EventBus\LF.AspNetCore.EventBus.csproj", "{4AD29DCF-DF9F-4E14-95CA-5568D4512D10}"
EndProject
Project("{2150E333-8FDC-42A3-9474-1A3956D46DE8}") = "distributed", "distributed", "{3A0A42F6-99E3-4668-AD99-6B08B73D8534}"
EndProject
Project("{9A19103F-16F7-4668-BE54-9A1E7A4F7556}") = "HelloGrain.Interface", "HelloGrain\HelloGrain.Interface.csproj", "{D14019B7-D526-4663-8FBC-6DADBB227EDF}"
EndProject
Project("{9A19103F-16F7-4668-BE54-9A1E7A4F7556}") = "HelloGrain.Implement", "HelloGrain.Implement\HelloGrain.Implement.csproj", "{B679A2F5-C0AB-417C-B566-6D7CF59C1630}"
EndProject
Project("{9A19103F-16F7-4668-BE54-9A1E7A4F7556}") = "SiloHost", "SiloHost\SiloHost.csproj", "{C4C8BB9A-78CE-4685-B19C-7FF6CFB0C7E0}"
EndProject
Project("{9A19103F-16F7-4668-BE54-9A1E7A4F7556}") = "GrainClient", "GrainClient\GrainClient.csproj", "{13B2CADC-EE1E-4B8A-B1B6-32C69EA21879}"
EndProject
Project("{2150E333-8FDC-42A3-9474-1A3956D46DE8}") = "auth", "auth", "{5ABAFD30-744B-4B7B-B252-B8D0C83DAFF3}"
EndProject
Project("{9A19103F-16F7-4668-BE54-9A1E7A4F7556}") = "JWTWebApp", "JWTWebApp\JWTWebApp.csproj", "{A6E97A94-77B7-4B58-B470-055ED2C9A71F}"
EndProject
Project("{9A19103F-16F7-4668-BE54-9A1E7A4F7556}") = "WebTest", "WebTest\WebTest.csproj", "{5595F35C-7F4B-40BD-ACAA-0146D255B24D}"
EndProject
Project("{FAE04EC0-301F-11D3-BF4B-00C04F79EFBC}") = "FileLoad", "FileLoad\FileLoad.csproj", "{D37FDD03-5E57-4B36-AFA1-D6C5DADBE0A8}"
EndProject
Global
	GlobalSection(SolutionConfigurationPlatforms) = preSolution
		Debug|Any CPU = Debug|Any CPU
		Release|Any CPU = Release|Any CPU
	EndGlobalSection
	GlobalSection(ProjectConfigurationPlatforms) = postSolution
		{143CB976-2E4C-4445-8085-5D04BA336F48}.Debug|Any CPU.ActiveCfg = Debug|Any CPU
		{143CB976-2E4C-4445-8085-5D04BA336F48}.Debug|Any CPU.Build.0 = Debug|Any CPU
		{143CB976-2E4C-4445-8085-5D04BA336F48}.Release|Any CPU.ActiveCfg = Release|Any CPU
		{143CB976-2E4C-4445-8085-5D04BA336F48}.Release|Any CPU.Build.0 = Release|Any CPU
		{2D0834AF-7A01-4E96-A6E4-64736F95FD66}.Debug|Any CPU.ActiveCfg = Debug|Any CPU
		{2D0834AF-7A01-4E96-A6E4-64736F95FD66}.Debug|Any CPU.Build.0 = Debug|Any CPU
		{2D0834AF-7A01-4E96-A6E4-64736F95FD66}.Release|Any CPU.ActiveCfg = Release|Any CPU
		{2D0834AF-7A01-4E96-A6E4-64736F95FD66}.Release|Any CPU.Build.0 = Release|Any CPU
		{3A40F6E8-784B-4B9D-BBFA-7F30FFAEFE05}.Debug|Any CPU.ActiveCfg = Debug|Any CPU
		{3A40F6E8-784B-4B9D-BBFA-7F30FFAEFE05}.Debug|Any CPU.Build.0 = Debug|Any CPU
		{3A40F6E8-784B-4B9D-BBFA-7F30FFAEFE05}.Release|Any CPU.ActiveCfg = Release|Any CPU
		{3A40F6E8-784B-4B9D-BBFA-7F30FFAEFE05}.Release|Any CPU.Build.0 = Release|Any CPU
		{3154C4C9-119B-458F-ACEB-4528E333D27B}.Debug|Any CPU.ActiveCfg = Debug|Any CPU
		{3154C4C9-119B-458F-ACEB-4528E333D27B}.Debug|Any CPU.Build.0 = Debug|Any CPU
		{3154C4C9-119B-458F-ACEB-4528E333D27B}.Release|Any CPU.ActiveCfg = Release|Any CPU
		{3154C4C9-119B-458F-ACEB-4528E333D27B}.Release|Any CPU.Build.0 = Release|Any CPU
		{95604753-B489-4D9A-9845-FD249E94A5EB}.Debug|Any CPU.ActiveCfg = Debug|Any CPU
		{95604753-B489-4D9A-9845-FD249E94A5EB}.Debug|Any CPU.Build.0 = Debug|Any CPU
		{95604753-B489-4D9A-9845-FD249E94A5EB}.Release|Any CPU.ActiveCfg = Release|Any CPU
		{95604753-B489-4D9A-9845-FD249E94A5EB}.Release|Any CPU.Build.0 = Release|Any CPU
		{F4CEAEF0-224F-405A-9EC5-3A1F8340373A}.Debug|Any CPU.ActiveCfg = Debug|Any CPU
		{F4CEAEF0-224F-405A-9EC5-3A1F8340373A}.Debug|Any CPU.Build.0 = Debug|Any CPU
		{F4CEAEF0-224F-405A-9EC5-3A1F8340373A}.Release|Any CPU.ActiveCfg = Release|Any CPU
		{F4CEAEF0-224F-405A-9EC5-3A1F8340373A}.Release|Any CPU.Build.0 = Release|Any CPU
		{E7DB21EA-6558-47CF-915A-2C13B849E667}.Debug|Any CPU.ActiveCfg = Debug|Any CPU
		{E7DB21EA-6558-47CF-915A-2C13B849E667}.Debug|Any CPU.Build.0 = Debug|Any CPU
		{E7DB21EA-6558-47CF-915A-2C13B849E667}.Release|Any CPU.ActiveCfg = Release|Any CPU
		{E7DB21EA-6558-47CF-915A-2C13B849E667}.Release|Any CPU.Build.0 = Release|Any CPU
		{654ED418-8BE9-4BA0-8571-167838AE00B2}.Debug|Any CPU.ActiveCfg = Debug|Any CPU
		{654ED418-8BE9-4BA0-8571-167838AE00B2}.Debug|Any CPU.Build.0 = Debug|Any CPU
		{654ED418-8BE9-4BA0-8571-167838AE00B2}.Release|Any CPU.ActiveCfg = Release|Any CPU
		{654ED418-8BE9-4BA0-8571-167838AE00B2}.Release|Any CPU.Build.0 = Release|Any CPU
		{7161D989-5DA6-49FA-B85B-7E6DC9A74438}.Debug|Any CPU.ActiveCfg = Debug|Any CPU
		{7161D989-5DA6-49FA-B85B-7E6DC9A74438}.Debug|Any CPU.Build.0 = Debug|Any CPU
		{7161D989-5DA6-49FA-B85B-7E6DC9A74438}.Release|Any CPU.ActiveCfg = Release|Any CPU
		{7161D989-5DA6-49FA-B85B-7E6DC9A74438}.Release|Any CPU.Build.0 = Release|Any CPU
		{93F307D1-A651-43A0-A875-CC1249EA3B76}.Debug|Any CPU.ActiveCfg = Debug|Any CPU
		{93F307D1-A651-43A0-A875-CC1249EA3B76}.Debug|Any CPU.Build.0 = Debug|Any CPU
		{93F307D1-A651-43A0-A875-CC1249EA3B76}.Release|Any CPU.ActiveCfg = Release|Any CPU
		{93F307D1-A651-43A0-A875-CC1249EA3B76}.Release|Any CPU.Build.0 = Release|Any CPU
		{0CD1B4BB-9B15-4C1E-A1A0-AB3D3A3A0351}.Debug|Any CPU.ActiveCfg = Debug|Any CPU
		{0CD1B4BB-9B15-4C1E-A1A0-AB3D3A3A0351}.Debug|Any CPU.Build.0 = Debug|Any CPU
		{0CD1B4BB-9B15-4C1E-A1A0-AB3D3A3A0351}.Release|Any CPU.ActiveCfg = Release|Any CPU
		{0CD1B4BB-9B15-4C1E-A1A0-AB3D3A3A0351}.Release|Any CPU.Build.0 = Release|Any CPU
		{D6040D57-AF0D-4BDB-AD2C-51E3FA1B835F}.Debug|Any CPU.ActiveCfg = Debug|Any CPU
		{D6040D57-AF0D-4BDB-AD2C-51E3FA1B835F}.Debug|Any CPU.Build.0 = Debug|Any CPU
		{D6040D57-AF0D-4BDB-AD2C-51E3FA1B835F}.Release|Any CPU.ActiveCfg = Release|Any CPU
		{D6040D57-AF0D-4BDB-AD2C-51E3FA1B835F}.Release|Any CPU.Build.0 = Release|Any CPU
		{A049D20B-13A0-43BB-8979-3F9D9BAC735B}.Debug|Any CPU.ActiveCfg = Debug|Any CPU
		{A049D20B-13A0-43BB-8979-3F9D9BAC735B}.Debug|Any CPU.Build.0 = Debug|Any CPU
		{A049D20B-13A0-43BB-8979-3F9D9BAC735B}.Release|Any CPU.ActiveCfg = Release|Any CPU
		{A049D20B-13A0-43BB-8979-3F9D9BAC735B}.Release|Any CPU.Build.0 = Release|Any CPU
		{4AD29DCF-DF9F-4E14-95CA-5568D4512D10}.Debug|Any CPU.ActiveCfg = Debug|Any CPU
		{4AD29DCF-DF9F-4E14-95CA-5568D4512D10}.Debug|Any CPU.Build.0 = Debug|Any CPU
		{4AD29DCF-DF9F-4E14-95CA-5568D4512D10}.Release|Any CPU.ActiveCfg = Release|Any CPU
		{4AD29DCF-DF9F-4E14-95CA-5568D4512D10}.Release|Any CPU.Build.0 = Release|Any CPU
		{D14019B7-D526-4663-8FBC-6DADBB227EDF}.Debug|Any CPU.ActiveCfg = Debug|Any CPU
		{D14019B7-D526-4663-8FBC-6DADBB227EDF}.Debug|Any CPU.Build.0 = Debug|Any CPU
		{D14019B7-D526-4663-8FBC-6DADBB227EDF}.Release|Any CPU.ActiveCfg = Release|Any CPU
		{D14019B7-D526-4663-8FBC-6DADBB227EDF}.Release|Any CPU.Build.0 = Release|Any CPU
		{B679A2F5-C0AB-417C-B566-6D7CF59C1630}.Debug|Any CPU.ActiveCfg = Debug|Any CPU
		{B679A2F5-C0AB-417C-B566-6D7CF59C1630}.Debug|Any CPU.Build.0 = Debug|Any CPU
		{B679A2F5-C0AB-417C-B566-6D7CF59C1630}.Release|Any CPU.ActiveCfg = Release|Any CPU
		{B679A2F5-C0AB-417C-B566-6D7CF59C1630}.Release|Any CPU.Build.0 = Release|Any CPU
		{C4C8BB9A-78CE-4685-B19C-7FF6CFB0C7E0}.Debug|Any CPU.ActiveCfg = Debug|Any CPU
		{C4C8BB9A-78CE-4685-B19C-7FF6CFB0C7E0}.Debug|Any CPU.Build.0 = Debug|Any CPU
		{C4C8BB9A-78CE-4685-B19C-7FF6CFB0C7E0}.Release|Any CPU.ActiveCfg = Release|Any CPU
		{C4C8BB9A-78CE-4685-B19C-7FF6CFB0C7E0}.Release|Any CPU.Build.0 = Release|Any CPU
		{13B2CADC-EE1E-4B8A-B1B6-32C69EA21879}.Debug|Any CPU.ActiveCfg = Debug|Any CPU
		{13B2CADC-EE1E-4B8A-B1B6-32C69EA21879}.Debug|Any CPU.Build.0 = Debug|Any CPU
		{13B2CADC-EE1E-4B8A-B1B6-32C69EA21879}.Release|Any CPU.ActiveCfg = Release|Any CPU
		{13B2CADC-EE1E-4B8A-B1B6-32C69EA21879}.Release|Any CPU.Build.0 = Release|Any CPU
		{A6E97A94-77B7-4B58-B470-055ED2C9A71F}.Debug|Any CPU.ActiveCfg = Debug|Any CPU
		{A6E97A94-77B7-4B58-B470-055ED2C9A71F}.Debug|Any CPU.Build.0 = Debug|Any CPU
		{A6E97A94-77B7-4B58-B470-055ED2C9A71F}.Release|Any CPU.ActiveCfg = Release|Any CPU
		{A6E97A94-77B7-4B58-B470-055ED2C9A71F}.Release|Any CPU.Build.0 = Release|Any CPU
		{5595F35C-7F4B-40BD-ACAA-0146D255B24D}.Debug|Any CPU.ActiveCfg = Debug|Any CPU
		{5595F35C-7F4B-40BD-ACAA-0146D255B24D}.Debug|Any CPU.Build.0 = Debug|Any CPU
		{5595F35C-7F4B-40BD-ACAA-0146D255B24D}.Release|Any CPU.ActiveCfg = Release|Any CPU
		{5595F35C-7F4B-40BD-ACAA-0146D255B24D}.Release|Any CPU.Build.0 = Release|Any CPU
		{D37FDD03-5E57-4B36-AFA1-D6C5DADBE0A8}.Debug|Any CPU.ActiveCfg = Debug|Any CPU
		{D37FDD03-5E57-4B36-AFA1-D6C5DADBE0A8}.Debug|Any CPU.Build.0 = Debug|Any CPU
		{D37FDD03-5E57-4B36-AFA1-D6C5DADBE0A8}.Release|Any CPU.ActiveCfg = Release|Any CPU
		{D37FDD03-5E57-4B36-AFA1-D6C5DADBE0A8}.Release|Any CPU.Build.0 = Release|Any CPU
	EndGlobalSection
	GlobalSection(SolutionProperties) = preSolution
		HideSolutionNode = FALSE
	EndGlobalSection
	GlobalSection(NestedProjects) = preSolution
		{143CB976-2E4C-4445-8085-5D04BA336F48} = {9D032B5E-F945-4131-A797-5C3047DF803E}
		{2D0834AF-7A01-4E96-A6E4-64736F95FD66} = {DFA178F7-F822-4DC8-9B7D-4BD056C16C28}
		{3A40F6E8-784B-4B9D-BBFA-7F30FFAEFE05} = {DFA178F7-F822-4DC8-9B7D-4BD056C16C28}
		{3154C4C9-119B-458F-ACEB-4528E333D27B} = {DFA178F7-F822-4DC8-9B7D-4BD056C16C28}
		{95604753-B489-4D9A-9845-FD249E94A5EB} = {DFA178F7-F822-4DC8-9B7D-4BD056C16C28}
		{F4CEAEF0-224F-405A-9EC5-3A1F8340373A} = {9D032B5E-F945-4131-A797-5C3047DF803E}
		{E7DB21EA-6558-47CF-915A-2C13B849E667} = {28638113-36ED-488F-B447-6BB539154F87}
		{654ED418-8BE9-4BA0-8571-167838AE00B2} = {DFA178F7-F822-4DC8-9B7D-4BD056C16C28}
		{7161D989-5DA6-49FA-B85B-7E6DC9A74438} = {03F3BC27-98AC-44DE-89E3-9FC6899B6D08}
		{93F307D1-A651-43A0-A875-CC1249EA3B76} = {DFA178F7-F822-4DC8-9B7D-4BD056C16C28}
		{0CD1B4BB-9B15-4C1E-A1A0-AB3D3A3A0351} = {08D6C9CB-DE28-48A4-A4D2-D86450035BF0}
		{D6040D57-AF0D-4BDB-AD2C-51E3FA1B835F} = {9D032B5E-F945-4131-A797-5C3047DF803E}
		{A049D20B-13A0-43BB-8979-3F9D9BAC735B} = {9D032B5E-F945-4131-A797-5C3047DF803E}
		{4AD29DCF-DF9F-4E14-95CA-5568D4512D10} = {88AA9BC5-2728-418F-BC3E-D829AE1D131E}
		{D14019B7-D526-4663-8FBC-6DADBB227EDF} = {3A0A42F6-99E3-4668-AD99-6B08B73D8534}
		{B679A2F5-C0AB-417C-B566-6D7CF59C1630} = {3A0A42F6-99E3-4668-AD99-6B08B73D8534}
		{C4C8BB9A-78CE-4685-B19C-7FF6CFB0C7E0} = {3A0A42F6-99E3-4668-AD99-6B08B73D8534}
		{13B2CADC-EE1E-4B8A-B1B6-32C69EA21879} = {3A0A42F6-99E3-4668-AD99-6B08B73D8534}
		{A6E97A94-77B7-4B58-B470-055ED2C9A71F} = {5ABAFD30-744B-4B7B-B252-B8D0C83DAFF3}
		{5595F35C-7F4B-40BD-ACAA-0146D255B24D} = {9D032B5E-F945-4131-A797-5C3047DF803E}
		{D37FDD03-5E57-4B36-AFA1-D6C5DADBE0A8} = {9D032B5E-F945-4131-A797-5C3047DF803E}
	EndGlobalSection
	GlobalSection(ExtensibilityGlobals) = postSolution
		SolutionGuid = {CDC53775-F785-4C28-8413-0DFDAE2CC96B}
	EndGlobalSection
EndGlobal
